
Microsoft Visual Studio Solution File, Format Version 12.00
# Visual Studio Version 16
VisualStudioVersion = 16.0.30523.141
MinimumVisualStudioVersion = 10.0.40219.1
Project("{9A19103F-16F7-4668-BE54-9A1E7A4F7556}") = "DotNetColorParser", "DotNetColorParser\DotNetColorParser.csproj", "{5AEF13A1-B052-435D-9FF9-895DEF27723F}"
EndProject
Project("{9A19103F-16F7-4668-BE54-9A1E7A4F7556}") = "DotNetColorParser.Tests", "DotNetColorParser.Tests\DotNetColorParser.Tests.csproj", "{F402AB20-717C-4916-B933-E86DDE9BD789}"
EndProject
Project("{2150E333-8FDC-42A3-9474-1A3956D46DE8}") = "Solution Items", "Solution Items", "{3EC8C98B-EF32-4345-A423-B1363B9792A3}"
	ProjectSection(SolutionItems) = preProject
		..\README.md = ..\README.md
	EndProjectSection
EndProject
Project("{9A19103F-16F7-4668-BE54-9A1E7A4F7556}") = "DotNetColorParser.Abstractions", "DotNetColorParser.Abstractions\DotNetColorParser.Abstractions.csproj", "{14132968-B8F9-4B98-A89E-71526154C3C7}"
EndProject
Global
	GlobalSection(SolutionConfigurationPlatforms) = preSolution
		Debug|Any CPU = Debug|Any CPU
		Release|Any CPU = Release|Any CPU
	EndGlobalSection
	GlobalSection(ProjectConfigurationPlatforms) = postSolution
		{5AEF13A1-B052-435D-9FF9-895DEF27723F}.Debug|Any CPU.ActiveCfg = Debug|Any CPU
		{5AEF13A1-B052-435D-9FF9-895DEF27723F}.Debug|Any CPU.Build.0 = Debug|Any CPU
		{5AEF13A1-B052-435D-9FF9-895DEF27723F}.Release|Any CPU.ActiveCfg = Release|Any CPU
		{5AEF13A1-B052-435D-9FF9-895DEF27723F}.Release|Any CPU.Build.0 = Release|Any CPU
		{F402AB20-717C-4916-B933-E86DDE9BD789}.Debug|Any CPU.ActiveCfg = Debug|Any CPU
		{F402AB20-717C-4916-B933-E86DDE9BD789}.Debug|Any CPU.Build.0 = Debug|Any CPU
		{F402AB20-717C-4916-B933-E86DDE9BD789}.Release|Any CPU.ActiveCfg = Release|Any CPU
		{F402AB20-717C-4916-B933-E86DDE9BD789}.Release|Any CPU.Build.0 = Release|Any CPU
		{14132968-B8F9-4B98-A89E-71526154C3C7}.Debug|Any CPU.ActiveCfg = Debug|Any CPU
		{14132968-B8F9-4B98-A89E-71526154C3C7}.Debug|Any CPU.Build.0 = Debug|Any CPU
		{14132968-B8F9-4B98-A89E-71526154C3C7}.Release|Any CPU.ActiveCfg = Release|Any CPU
		{14132968-B8F9-4B98-A89E-71526154C3C7}.Release|Any CPU.Build.0 = Release|Any CPU
	EndGlobalSection
	GlobalSection(SolutionProperties) = preSolution
		HideSolutionNode = FALSE
	EndGlobalSection
	GlobalSection(ExtensibilityGlobals) = postSolution
		SolutionGuid = {B497A9A5-4496-4530-84AC-5548CD5410C8}
	EndGlobalSection
EndGlobal
